
Microsoft Visual Studio Solution File, Format Version 12.00
# Visual Studio Version 16
VisualStudioVersion = 16.0.35731.53
MinimumVisualStudioVersion = 10.0.40219.1
Project("{FAE04EC0-301F-11D3-BF4B-00C04F79EFBC}") = "QR_by_kuzneciv", "QR_by_kuzneciv\QR_by_kuzneciv.csproj", "{78968995-F9C2-4FC7-9930-E04DA68F088D}"
EndProject
Global
	GlobalSection(SolutionConfigurationPlatforms) = preSolution
		Debug|Any CPU = Debug|Any CPU
		Release|Any CPU = Release|Any CPU
	EndGlobalSection
	GlobalSection(ProjectConfigurationPlatforms) = postSolution
		{78968995-F9C2-4FC7-9930-E04DA68F088D}.Debug|Any CPU.ActiveCfg = Debug|Any CPU
		{78968995-F9C2-4FC7-9930-E04DA68F088D}.Debug|Any CPU.Build.0 = Debug|Any CPU
		{78968995-F9C2-4FC7-9930-E04DA68F088D}.Release|Any CPU.ActiveCfg = Release|Any CPU
		{78968995-F9C2-4FC7-9930-E04DA68F088D}.Release|Any CPU.Build.0 = Release|Any CPU
	EndGlobalSection
	GlobalSection(SolutionProperties) = preSolution
		HideSolutionNode = FALSE
	EndGlobalSection
	GlobalSection(ExtensibilityGlobals) = postSolution
		SolutionGuid = {4A6D224D-7C56-4FD0-978E-BF624AF09AB7}
	EndGlobalSection
EndGlobal
